<?xml version="1.0" encoding="UTF-8"?>
<Scheme
   LastUpgradeVersion = "2600"
   version = "1.7">
   <BuildAction
      parallelizeBuildables = "YES"
      buildImplicitDependencies = "YES"
      buildArchitectures = "Automatic">
      <BuildActionEntries>
         <BuildActionEntry
            buildForTesting = "YES"
            buildForRunning = "YES"
            buildForProfiling = "YES"
            buildForArchiving = "YES"
            buildForAnalyzing = "YES">
            <BuildableReference
               BuildableIdentifier = "primary"
               BlueprintIdentifier = "BC1E10E22E52792C00F26D67"
               BuildableName = "SwiftFinDemo.app"
               BlueprintName = "SwiftFinDemo"
               ReferencedContainer = "container:SwiftFin.xcodeproj">
            </BuildableReference>
         </BuildActionEntry>
      </BuildActionEntries>
   </BuildAction>
   <TestAction
      buildConfiguration = "Debug"
      selectedDebuggerIdentifier = "Xcode.DebuggerFoundation.Debugger.LLDB"
      selectedLauncherIdentifier = "Xcode.DebuggerFoundation.Launcher.LLDB"
      shouldUseLaunchSchemeArgsEnv = "YES"
      shouldAutocreateTestPlan = "YES">
      <Testables>
         <TestableReference
            skipped = "NO"
            parallelizable = "YES">
            <BuildableReference
               BuildableIdentifier = "primary"
               BlueprintIdentifier = "BC1E10FA2E52792E00F26D67"
               BuildableName = "SwiftFinDemoUITests.xctest"
               BlueprintName = "SwiftFinDemoUITests"
               ReferencedContainer = "container:SwiftFin.xcodeproj">
            </BuildableReference>
         </TestableReference>
         <TestableReference
            skipped = "NO"
            parallelizable = "YES">
            <BuildableReference
               BuildableIdentifier = "primary"
               BlueprintIdentifier = "BC1E10F02E52792E00F26D67"
               BuildableName = "SwiftFinDemoTests.xctest"
               BlueprintName = "SwiftFinDemoTests"
               ReferencedContainer = "container:SwiftFin.xcodeproj">
            </BuildableReference>
         </TestableReference>
      </Testables>
   </TestAction>
   <LaunchAction
      buildConfiguration = "Debug"
      selectedDebuggerIdentifier = "Xcode.DebuggerFoundation.Debugger.LLDB"
      selectedLauncherIdentifier = "Xcode.DebuggerFoundation.Launcher.LLDB"
      launchStyle = "0"
      useCustomWorkingDirectory = "NO"
      ignoresPersistentStateOnLaunch = "NO"
      debugDocumentVersioning = "YES"
      debugServiceExtension = "internal"
      allowLocationSimulation = "YES">
      <BuildableProductRunnable
         runnableDebuggingMode = "0">
         <BuildableReference
            BuildableIdentifier = "primary"
            BlueprintIdentifier = "BC1E10E22E52792C00F26D67"
            BuildableName = "SwiftFinDemo.app"
            BlueprintName = "SwiftFinDemo"
            ReferencedContainer = "container:SwiftFin.xcodeproj">
         </BuildableReference>
      </BuildableProductRunnable>
      <EnvironmentVariables>
         <EnvironmentVariable
            key = "SWIFTFIN_SETUP_TOKEN"
            value = "aHR0cHM6Ly9iZXRhLWJyaWRnZS5zaW1wbGVmaW4ub3JnL3NpbXBsZWZpbi9jbGFpbS83NEVDOEY3ODUzQjRBRUY1OTdDQUY3QkU1MTU5MTAxN0VGRjRDQUE3NDEyRTIyNTUwRkFDMEM3OTgzNjVDQjJENDUwMUMzQzZBN0NENDFDRTE4QzMwMDRCQzBENDA4ODhDMjcwNjFGODFBMkM0QzEwRUY4RkUyMjRBMDkyQjMxNQ=="
            isEnabled = "YES">
         </EnvironmentVariable>
      </EnvironmentVariables>
   </LaunchAction>
   <ProfileAction
      buildConfiguration = "Release"
      shouldUseLaunchSchemeArgsEnv = "YES"
      savedToolIdentifier = ""
      useCustomWorkingDirectory = "NO"
      debugDocumentVersioning = "YES">
      <BuildableProductRunnable
         runnableDebuggingMode = "0">
         <BuildableReference
            BuildableIdentifier = "primary"
            BlueprintIdentifier = "BC1E10E22E52792C00F26D67"
            BuildableName = "SwiftFinDemo.app"
            BlueprintName = "SwiftFinDemo"
            ReferencedContainer = "container:SwiftFin.xcodeproj">
         </BuildableReference>
      </BuildableProductRunnable>
   </ProfileAction>
   <AnalyzeAction
      buildConfiguration = "Debug">
   </AnalyzeAction>
   <ArchiveAction
      buildConfiguration = "Release"
      revealArchiveInOrganizer = "YES">
   </ArchiveAction>
</Scheme>
